
Microsoft Visual Studio Solution File, Format Version 12.00
# Visual Studio Version 17
VisualStudioVersion = 17.5.002.0
MinimumVisualStudioVersion = 10.0.40219.1
Project("{9A19103F-16F7-4668-BE54-9A1E7A4F7556}") = "sharplox", "sharplox.csproj", "{C6F1498A-3EE3-427E-B7D7-AAD2A9C1EEF9}"
EndProject
Global
	GlobalSection(SolutionConfigurationPlatforms) = preSolution
		Debug|Any CPU = Debug|Any CPU
		Release|Any CPU = Release|Any CPU
	EndGlobalSection
	GlobalSection(ProjectConfigurationPlatforms) = postSolution
		{C6F1498A-3EE3-427E-B7D7-AAD2A9C1EEF9}.Debug|Any CPU.ActiveCfg = Debug|Any CPU
		{C6F1498A-3EE3-427E-B7D7-AAD2A9C1EEF9}.Debug|Any CPU.Build.0 = Debug|Any CPU
		{C6F1498A-3EE3-427E-B7D7-AAD2A9C1EEF9}.Release|Any CPU.ActiveCfg = Release|Any CPU
		{C6F1498A-3EE3-427E-B7D7-AAD2A9C1EEF9}.Release|Any CPU.Build.0 = Release|Any CPU
	EndGlobalSection
	GlobalSection(SolutionProperties) = preSolution
		HideSolutionNode = FALSE
	EndGlobalSection
	GlobalSection(ExtensibilityGlobals) = postSolution
		SolutionGuid = {7862D664-C6FE-429E-8BE5-FCC611EDDBCA}
	EndGlobalSection
EndGlobal
